{
  "originHash" : "2ae36011d16a280b20be3901728b2a6add648c67a96b4d30e99d42eb41bba855",
  "pins" : [
    {
      "identity" : "tc4mac-plugin-sdk",
      "kind" : "remoteSourceControl",
      "location" : "https://github.com/lagueux/tc4mac-plugin-sdk.git",
      "state" : {
        "revision" : "81458c65b67180ce52db9f50beb46b54cadeff53",
        "version" : "2.0.0"
      }
    }
  ],
  "version" : 3
}
